// !$*UTF8*$!
{
	archiveVersion = 1;
	classes = {
	};
	objectVersion = 56;
	objects = {

/* Begin PBXBuildFile section */
		A10000010000000000000001 /* ClaudetteApp.swift in Sources */ = {isa = PBXBuildFile; fileRef = A10000020000000000000001 /* ClaudetteApp.swift */; };
		A10000010000000000000002 /* ContentView.swift in Sources */ = {isa = PBXBuildFile; fileRef = A10000020000000000000002 /* ContentView.swift */; };
		A10000010000000000000003 /* Assets.xcassets in Resources */ = {isa = PBXBuildFile; fileRef = A10000020000000000000003 /* Assets.xcassets */; };
		A10000010000000000000004 /* Preview Assets.xcassets in Resources */ = {isa = PBXBuildFile; fileRef = A10000020000000000000004 /* Preview Assets.xcassets */; };
		B10000010000000000000001 /* Citadel in Frameworks */ = {isa = PBXBuildFile; productRef = B10000030000000000000001 /* Citadel */; };
		B10000010000000000000002 /* SwiftTerm in Frameworks */ = {isa = PBXBuildFile; productRef = B10000030000000000000002 /* SwiftTerm */; };
		C10000010000000000000001 /* Configuration.plist in Resources */ = {isa = PBXBuildFile; fileRef = C10000020000000000000001 /* Configuration.plist */; };
		C10000010000000000000002 /* AppConfiguration.swift in Sources */ = {isa = PBXBuildFile; fileRef = C10000020000000000000002 /* AppConfiguration.swift */; };
		C10000010000000000000003 /* LoggerFactory.swift in Sources */ = {isa = PBXBuildFile; fileRef = C10000020000000000000003 /* LoggerFactory.swift */; };
		C10000010000000000000004 /* UIColor+Hex.swift in Sources */ = {isa = PBXBuildFile; fileRef = C10000020000000000000004 /* UIColor+Hex.swift */; };
		C10000010000000000000005 /* AuthMethod.swift in Sources */ = {isa = PBXBuildFile; fileRef = C10000020000000000000005 /* AuthMethod.swift */; };
		C10000010000000000000006 /* ConnectionSettings.swift in Sources */ = {isa = PBXBuildFile; fileRef = C10000020000000000000006 /* ConnectionSettings.swift */; };
		C10000010000000000000007 /* ConnectionState.swift in Sources */ = {isa = PBXBuildFile; fileRef = C10000020000000000000007 /* ConnectionState.swift */; };
		C10000010000000000000008 /* KeychainService.swift in Sources */ = {isa = PBXBuildFile; fileRef = C10000020000000000000008 /* KeychainService.swift */; };
		C10000010000000000000009 /* SSHConnectionManager.swift in Sources */ = {isa = PBXBuildFile; fileRef = C10000020000000000000009 /* SSHConnectionManager.swift */; };
		C1000001000000000000000B /* SessionViewModel.swift in Sources */ = {isa = PBXBuildFile; fileRef = C1000002000000000000000B /* SessionViewModel.swift */; };
		C1000001000000000000000D /* TerminalContainerView.swift in Sources */ = {isa = PBXBuildFile; fileRef = C1000002000000000000000D /* TerminalContainerView.swift */; };
		C1000001000000000000000E /* SessionView.swift in Sources */ = {isa = PBXBuildFile; fileRef = C1000002000000000000000E /* SessionView.swift */; };
		C1000001000000000000000F /* SpeechRecognitionService.swift in Sources */ = {isa = PBXBuildFile; fileRef = C1000002000000000000000F /* SpeechRecognitionService.swift */; };
		D10000010000000000000001 /* ServerProfile.swift in Sources */ = {isa = PBXBuildFile; fileRef = D10000020000000000000001 /* ServerProfile.swift */; };
		D10000010000000000000002 /* KnownHost.swift in Sources */ = {isa = PBXBuildFile; fileRef = D10000020000000000000002 /* KnownHost.swift */; };
		D10000010000000000000003 /* HostKeyVerificationResult.swift in Sources */ = {isa = PBXBuildFile; fileRef = D10000020000000000000003 /* HostKeyVerificationResult.swift */; };
		D10000010000000000000004 /* RemoteFileEntry.swift in Sources */ = {isa = PBXBuildFile; fileRef = D10000020000000000000004 /* RemoteFileEntry.swift */; };
		D10000010000000000000005 /* BonjourHost.swift in Sources */ = {isa = PBXBuildFile; fileRef = D10000020000000000000005 /* BonjourHost.swift */; };
		D10000010000000000000006 /* ProfileStore.swift in Sources */ = {isa = PBXBuildFile; fileRef = D10000020000000000000006 /* ProfileStore.swift */; };
		D10000010000000000000007 /* HostKeyStore.swift in Sources */ = {isa = PBXBuildFile; fileRef = D10000020000000000000007 /* HostKeyStore.swift */; };
		D10000010000000000000008 /* SSHKeyService.swift in Sources */ = {isa = PBXBuildFile; fileRef = D10000020000000000000008 /* SSHKeyService.swift */; };
		D10000010000000000000009 /* TOFUHostKeyValidator.swift in Sources */ = {isa = PBXBuildFile; fileRef = D10000020000000000000009 /* TOFUHostKeyValidator.swift */; };
		D1000001000000000000000A /* BonjourDiscoveryService.swift in Sources */ = {isa = PBXBuildFile; fileRef = D1000002000000000000000A /* BonjourDiscoveryService.swift */; };
		D1000001000000000000000B /* RemoteFileBrowserService.swift in Sources */ = {isa = PBXBuildFile; fileRef = D1000002000000000000000B /* RemoteFileBrowserService.swift */; };
		D1000001000000000000000C /* ProfileListViewModel.swift in Sources */ = {isa = PBXBuildFile; fileRef = D1000002000000000000000C /* ProfileListViewModel.swift */; };
		D1000001000000000000000D /* ProfileEditorViewModel.swift in Sources */ = {isa = PBXBuildFile; fileRef = D1000002000000000000000D /* ProfileEditorViewModel.swift */; };
		D1000001000000000000000E /* RemoteFileBrowserViewModel.swift in Sources */ = {isa = PBXBuildFile; fileRef = D1000002000000000000000E /* RemoteFileBrowserViewModel.swift */; };
		D1000001000000000000000F /* ProfileListView.swift in Sources */ = {isa = PBXBuildFile; fileRef = D1000002000000000000000F /* ProfileListView.swift */; };
		D10000010000000000000010 /* ProfileEditorView.swift in Sources */ = {isa = PBXBuildFile; fileRef = D10000020000000000000010 /* ProfileEditorView.swift */; };
		D10000010000000000000011 /* SSHKeyManagementSection.swift in Sources */ = {isa = PBXBuildFile; fileRef = D10000020000000000000011 /* SSHKeyManagementSection.swift */; };
		D10000010000000000000012 /* RemoteFileBrowserView.swift in Sources */ = {isa = PBXBuildFile; fileRef = D10000020000000000000012 /* RemoteFileBrowserView.swift */; };
		D10000010000000000000013 /* HostKeyAlertView.swift in Sources */ = {isa = PBXBuildFile; fileRef = D10000020000000000000013 /* HostKeyAlertView.swift */; };
		E10000010000000000000001 /* SplashView.swift in Sources */ = {isa = PBXBuildFile; fileRef = E10000020000000000000001 /* SplashView.swift */; };
		F10000010000000000000001 /* AgentTreeNode.swift in Sources */ = {isa = PBXBuildFile; fileRef = F10000020000000000000001 /* AgentTreeNode.swift */; };
		F10000010000000000000002 /* ClaudeResource.swift in Sources */ = {isa = PBXBuildFile; fileRef = F10000020000000000000002 /* ClaudeResource.swift */; };
		F10000010000000000000003 /* ClaudeSettings.swift in Sources */ = {isa = PBXBuildFile; fileRef = F10000020000000000000003 /* ClaudeSettings.swift */; };
		F10000010000000000000004 /* NetworkStatus.swift in Sources */ = {isa = PBXBuildFile; fileRef = F10000020000000000000004 /* NetworkStatus.swift */; };
		F10000010000000000000005 /* PromptSnippet.swift in Sources */ = {isa = PBXBuildFile; fileRef = F10000020000000000000005 /* PromptSnippet.swift */; };
		F10000010000000000000006 /* SnippetCategory.swift in Sources */ = {isa = PBXBuildFile; fileRef = F10000020000000000000006 /* SnippetCategory.swift */; };
		F10000010000000000000007 /* AgentActivityParser.swift in Sources */ = {isa = PBXBuildFile; fileRef = F10000020000000000000007 /* AgentActivityParser.swift */; };
		F10000010000000000000008 /* ClaudeResourceDiscoveryService.swift in Sources */ = {isa = PBXBuildFile; fileRef = F10000020000000000000008 /* ClaudeResourceDiscoveryService.swift */; };
		F10000010000000000000009 /* ClaudeSettingsService.swift in Sources */ = {isa = PBXBuildFile; fileRef = F10000020000000000000009 /* ClaudeSettingsService.swift */; };
		F1000001000000000000000A /* NetworkProbeService.swift in Sources */ = {isa = PBXBuildFile; fileRef = F1000002000000000000000A /* NetworkProbeService.swift */; };
		F1000001000000000000000B /* PermissionNotificationService.swift in Sources */ = {isa = PBXBuildFile; fileRef = F1000002000000000000000B /* PermissionNotificationService.swift */; };
		F1000001000000000000000C /* SnippetStore.swift in Sources */ = {isa = PBXBuildFile; fileRef = F1000002000000000000000C /* SnippetStore.swift */; };
		F1000001000000000000000D /* TerminalBlockDetector.swift in Sources */ = {isa = PBXBuildFile; fileRef = F1000002000000000000000D /* TerminalBlockDetector.swift */; };
		F1000001000000000000000E /* TmuxSessionService.swift in Sources */ = {isa = PBXBuildFile; fileRef = F1000002000000000000000E /* TmuxSessionService.swift */; };
		F1000001000000000000000F /* WakeOnLANService.swift in Sources */ = {isa = PBXBuildFile; fileRef = F1000002000000000000000F /* WakeOnLANService.swift */; };
		F10000010000000000000010 /* RemoteFileEditorViewModel.swift in Sources */ = {isa = PBXBuildFile; fileRef = F10000020000000000000010 /* RemoteFileEditorViewModel.swift */; };
		F10000010000000000000011 /* SnippetDrawerViewModel.swift in Sources */ = {isa = PBXBuildFile; fileRef = F10000020000000000000011 /* SnippetDrawerViewModel.swift */; };
		F10000010000000000000012 /* AgentVisualizerView.swift in Sources */ = {isa = PBXBuildFile; fileRef = F10000020000000000000012 /* AgentVisualizerView.swift */; };
		F10000010000000000000013 /* ClaudeMDDashboardView.swift in Sources */ = {isa = PBXBuildFile; fileRef = F10000020000000000000013 /* ClaudeMDDashboardView.swift */; };
		F10000010000000000000014 /* ClaudeResourcesSidebarView.swift in Sources */ = {isa = PBXBuildFile; fileRef = F10000020000000000000014 /* ClaudeResourcesSidebarView.swift */; };
		F10000010000000000000015 /* ClaudetteTerminalView.swift in Sources */ = {isa = PBXBuildFile; fileRef = F10000020000000000000015 /* ClaudetteTerminalView.swift */; };
		F10000010000000000000016 /* ConnectionStatusHUDView.swift in Sources */ = {isa = PBXBuildFile; fileRef = F10000020000000000000016 /* ConnectionStatusHUDView.swift */; };
		F10000010000000000000017 /* ExtendedKeyboardAccessoryView.swift in Sources */ = {isa = PBXBuildFile; fileRef = F10000020000000000000017 /* ExtendedKeyboardAccessoryView.swift */; };
		F10000010000000000000018 /* HookEditorFormView.swift in Sources */ = {isa = PBXBuildFile; fileRef = F10000020000000000000018 /* HookEditorFormView.swift */; };
		F10000010000000000000019 /* HooksAutomationView.swift in Sources */ = {isa = PBXBuildFile; fileRef = F10000020000000000000019 /* HooksAutomationView.swift */; };
		F1000001000000000000001A /* RemoteFileEditorView.swift in Sources */ = {isa = PBXBuildFile; fileRef = F1000002000000000000001A /* RemoteFileEditorView.swift */; };
		F1000001000000000000001B /* SnippetDrawerView.swift in Sources */ = {isa = PBXBuildFile; fileRef = F1000002000000000000001B /* SnippetDrawerView.swift */; };
		F1000001000000000000001C /* SnippetEditorView.swift in Sources */ = {isa = PBXBuildFile; fileRef = F1000002000000000000001C /* SnippetEditorView.swift */; };
		F1000001000000000000001D /* DefaultSnippets.json in Resources */ = {isa = PBXBuildFile; fileRef = F1000002000000000000001D /* DefaultSnippets.json */; };
		G10000010000000000000001 /* TerminalTab.swift in Sources */ = {isa = PBXBuildFile; fileRef = G10000020000000000000001 /* TerminalTab.swift */; };
		G10000010000000000000002 /* AuthURLInterceptor.swift in Sources */ = {isa = PBXBuildFile; fileRef = G10000020000000000000002 /* AuthURLInterceptor.swift */; };
/* End PBXBuildFile section */

/* Begin PBXFileReference section */
		A10000020000000000000001 /* ClaudetteApp.swift */ = {isa = PBXFileReference; lastKnownFileType = sourcecode.swift; path = ClaudetteApp.swift; sourceTree = "<group>"; };
		A10000020000000000000002 /* ContentView.swift */ = {isa = PBXFileReference; lastKnownFileType = sourcecode.swift; path = ContentView.swift; sourceTree = "<group>"; };
		A10000020000000000000003 /* Assets.xcassets */ = {isa = PBXFileReference; lastKnownFileType = folder.assetcatalog; path = Assets.xcassets; sourceTree = "<group>"; };
		A10000020000000000000004 /* Preview Assets.xcassets */ = {isa = PBXFileReference; lastKnownFileType = folder.assetcatalog; path = "Preview Assets.xcassets"; sourceTree = "<group>"; };
		A10000020000000000000010 /* Claudette.app */ = {isa = PBXFileReference; explicitFileType = wrapper.application; includeInIndex = 0; path = Claudette.app; sourceTree = BUILT_PRODUCTS_DIR; };
		C10000020000000000000001 /* Configuration.plist */ = {isa = PBXFileReference; lastKnownFileType = text.plist.xml; path = Configuration.plist; sourceTree = "<group>"; };
		C10000020000000000000002 /* AppConfiguration.swift */ = {isa = PBXFileReference; lastKnownFileType = sourcecode.swift; path = AppConfiguration.swift; sourceTree = "<group>"; };
		C10000020000000000000003 /* LoggerFactory.swift */ = {isa = PBXFileReference; lastKnownFileType = sourcecode.swift; path = LoggerFactory.swift; sourceTree = "<group>"; };
		C10000020000000000000004 /* UIColor+Hex.swift */ = {isa = PBXFileReference; lastKnownFileType = sourcecode.swift; path = "UIColor+Hex.swift"; sourceTree = "<group>"; };
		C10000020000000000000005 /* AuthMethod.swift */ = {isa = PBXFileReference; lastKnownFileType = sourcecode.swift; path = AuthMethod.swift; sourceTree = "<group>"; };
		C10000020000000000000006 /* ConnectionSettings.swift */ = {isa = PBXFileReference; lastKnownFileType = sourcecode.swift; path = ConnectionSettings.swift; sourceTree = "<group>"; };
		C10000020000000000000007 /* ConnectionState.swift */ = {isa = PBXFileReference; lastKnownFileType = sourcecode.swift; path = ConnectionState.swift; sourceTree = "<group>"; };
		C10000020000000000000008 /* KeychainService.swift */ = {isa = PBXFileReference; lastKnownFileType = sourcecode.swift; path = KeychainService.swift; sourceTree = "<group>"; };
		C10000020000000000000009 /* SSHConnectionManager.swift */ = {isa = PBXFileReference; lastKnownFileType = sourcecode.swift; path = SSHConnectionManager.swift; sourceTree = "<group>"; };
		C1000002000000000000000B /* SessionViewModel.swift */ = {isa = PBXFileReference; lastKnownFileType = sourcecode.swift; path = SessionViewModel.swift; sourceTree = "<group>"; };
		C1000002000000000000000D /* TerminalContainerView.swift */ = {isa = PBXFileReference; lastKnownFileType = sourcecode.swift; path = TerminalContainerView.swift; sourceTree = "<group>"; };
		C1000002000000000000000E /* SessionView.swift */ = {isa = PBXFileReference; lastKnownFileType = sourcecode.swift; path = SessionView.swift; sourceTree = "<group>"; };
		C1000002000000000000000F /* SpeechRecognitionService.swift */ = {isa = PBXFileReference; lastKnownFileType = sourcecode.swift; path = SpeechRecognitionService.swift; sourceTree = "<group>"; };
		D10000020000000000000001 /* ServerProfile.swift */ = {isa = PBXFileReference; lastKnownFileType = sourcecode.swift; path = ServerProfile.swift; sourceTree = "<group>"; };
		D10000020000000000000002 /* KnownHost.swift */ = {isa = PBXFileReference; lastKnownFileType = sourcecode.swift; path = KnownHost.swift; sourceTree = "<group>"; };
		D10000020000000000000003 /* HostKeyVerificationResult.swift */ = {isa = PBXFileReference; lastKnownFileType = sourcecode.swift; path = HostKeyVerificationResult.swift; sourceTree = "<group>"; };
		D10000020000000000000004 /* RemoteFileEntry.swift */ = {isa = PBXFileReference; lastKnownFileType = sourcecode.swift; path = RemoteFileEntry.swift; sourceTree = "<group>"; };
		D10000020000000000000005 /* BonjourHost.swift */ = {isa = PBXFileReference; lastKnownFileType = sourcecode.swift; path = BonjourHost.swift; sourceTree = "<group>"; };
		D10000020000000000000006 /* ProfileStore.swift */ = {isa = PBXFileReference; lastKnownFileType = sourcecode.swift; path = ProfileStore.swift; sourceTree = "<group>"; };
		D10000020000000000000007 /* HostKeyStore.swift */ = {isa = PBXFileReference; lastKnownFileType = sourcecode.swift; path = HostKeyStore.swift; sourceTree = "<group>"; };
		D10000020000000000000008 /* SSHKeyService.swift */ = {isa = PBXFileReference; lastKnownFileType = sourcecode.swift; path = SSHKeyService.swift; sourceTree = "<group>"; };
		D10000020000000000000009 /* TOFUHostKeyValidator.swift */ = {isa = PBXFileReference; lastKnownFileType = sourcecode.swift; path = TOFUHostKeyValidator.swift; sourceTree = "<group>"; };
		D1000002000000000000000A /* BonjourDiscoveryService.swift */ = {isa = PBXFileReference; lastKnownFileType = sourcecode.swift; path = BonjourDiscoveryService.swift; sourceTree = "<group>"; };
		D1000002000000000000000B /* RemoteFileBrowserService.swift */ = {isa = PBXFileReference; lastKnownFileType = sourcecode.swift; path = RemoteFileBrowserService.swift; sourceTree = "<group>"; };
		D1000002000000000000000C /* ProfileListViewModel.swift */ = {isa = PBXFileReference; lastKnownFileType = sourcecode.swift; path = ProfileListViewModel.swift; sourceTree = "<group>"; };
		D1000002000000000000000D /* ProfileEditorViewModel.swift */ = {isa = PBXFileReference; lastKnownFileType = sourcecode.swift; path = ProfileEditorViewModel.swift; sourceTree = "<group>"; };
		D1000002000000000000000E /* RemoteFileBrowserViewModel.swift */ = {isa = PBXFileReference; lastKnownFileType = sourcecode.swift; path = RemoteFileBrowserViewModel.swift; sourceTree = "<group>"; };
		D1000002000000000000000F /* ProfileListView.swift */ = {isa = PBXFileReference; lastKnownFileType = sourcecode.swift; path = ProfileListView.swift; sourceTree = "<group>"; };
		D10000020000000000000010 /* ProfileEditorView.swift */ = {isa = PBXFileReference; lastKnownFileType = sourcecode.swift; path = ProfileEditorView.swift; sourceTree = "<group>"; };
		D10000020000000000000011 /* SSHKeyManagementSection.swift */ = {isa = PBXFileReference; lastKnownFileType = sourcecode.swift; path = SSHKeyManagementSection.swift; sourceTree = "<group>"; };
		D10000020000000000000012 /* RemoteFileBrowserView.swift */ = {isa = PBXFileReference; lastKnownFileType = sourcecode.swift; path = RemoteFileBrowserView.swift; sourceTree = "<group>"; };
		D10000020000000000000013 /* HostKeyAlertView.swift */ = {isa = PBXFileReference; lastKnownFileType = sourcecode.swift; path = HostKeyAlertView.swift; sourceTree = "<group>"; };
		E10000020000000000000001 /* SplashView.swift */ = {isa = PBXFileReference; lastKnownFileType = sourcecode.swift; path = SplashView.swift; sourceTree = "<group>"; };
		F10000020000000000000001 /* AgentTreeNode.swift */ = {isa = PBXFileReference; lastKnownFileType = sourcecode.swift; path = AgentTreeNode.swift; sourceTree = "<group>"; };
		F10000020000000000000002 /* ClaudeResource.swift */ = {isa = PBXFileReference; lastKnownFileType = sourcecode.swift; path = ClaudeResource.swift; sourceTree = "<group>"; };
		F10000020000000000000003 /* ClaudeSettings.swift */ = {isa = PBXFileReference; lastKnownFileType = sourcecode.swift; path = ClaudeSettings.swift; sourceTree = "<group>"; };
		F10000020000000000000004 /* NetworkStatus.swift */ = {isa = PBXFileReference; lastKnownFileType = sourcecode.swift; path = NetworkStatus.swift; sourceTree = "<group>"; };
		F10000020000000000000005 /* PromptSnippet.swift */ = {isa = PBXFileReference; lastKnownFileType = sourcecode.swift; path = PromptSnippet.swift; sourceTree = "<group>"; };
		F10000020000000000000006 /* SnippetCategory.swift */ = {isa = PBXFileReference; lastKnownFileType = sourcecode.swift; path = SnippetCategory.swift; sourceTree = "<group>"; };
		F10000020000000000000007 /* AgentActivityParser.swift */ = {isa = PBXFileReference; lastKnownFileType = sourcecode.swift; path = AgentActivityParser.swift; sourceTree = "<group>"; };
		F10000020000000000000008 /* ClaudeResourceDiscoveryService.swift */ = {isa = PBXFileReference; lastKnownFileType = sourcecode.swift; path = ClaudeResourceDiscoveryService.swift; sourceTree = "<group>"; };
		F10000020000000000000009 /* ClaudeSettingsService.swift */ = {isa = PBXFileReference; lastKnownFileType = sourcecode.swift; path = ClaudeSettingsService.swift; sourceTree = "<group>"; };
		F1000002000000000000000A /* NetworkProbeService.swift */ = {isa = PBXFileReference; lastKnownFileType = sourcecode.swift; path = NetworkProbeService.swift; sourceTree = "<group>"; };
		F1000002000000000000000B /* PermissionNotificationService.swift */ = {isa = PBXFileReference; lastKnownFileType = sourcecode.swift; path = PermissionNotificationService.swift; sourceTree = "<group>"; };
		F1000002000000000000000C /* SnippetStore.swift */ = {isa = PBXFileReference; lastKnownFileType = sourcecode.swift; path = SnippetStore.swift; sourceTree = "<group>"; };
		F1000002000000000000000D /* TerminalBlockDetector.swift */ = {isa = PBXFileReference; lastKnownFileType = sourcecode.swift; path = TerminalBlockDetector.swift; sourceTree = "<group>"; };
		F1000002000000000000000E /* TmuxSessionService.swift */ = {isa = PBXFileReference; lastKnownFileType = sourcecode.swift; path = TmuxSessionService.swift; sourceTree = "<group>"; };
		F1000002000000000000000F /* WakeOnLANService.swift */ = {isa = PBXFileReference; lastKnownFileType = sourcecode.swift; path = WakeOnLANService.swift; sourceTree = "<group>"; };
		F10000020000000000000010 /* RemoteFileEditorViewModel.swift */ = {isa = PBXFileReference; lastKnownFileType = sourcecode.swift; path = RemoteFileEditorViewModel.swift; sourceTree = "<group>"; };
		F10000020000000000000011 /* SnippetDrawerViewModel.swift */ = {isa = PBXFileReference; lastKnownFileType = sourcecode.swift; path = SnippetDrawerViewModel.swift; sourceTree = "<group>"; };
		F10000020000000000000012 /* AgentVisualizerView.swift */ = {isa = PBXFileReference; lastKnownFileType = sourcecode.swift; path = AgentVisualizerView.swift; sourceTree = "<group>"; };
		F10000020000000000000013 /* ClaudeMDDashboardView.swift */ = {isa = PBXFileReference; lastKnownFileType = sourcecode.swift; path = ClaudeMDDashboardView.swift; sourceTree = "<group>"; };
		F10000020000000000000014 /* ClaudeResourcesSidebarView.swift */ = {isa = PBXFileReference; lastKnownFileType = sourcecode.swift; path = ClaudeResourcesSidebarView.swift; sourceTree = "<group>"; };
		F10000020000000000000015 /* ClaudetteTerminalView.swift */ = {isa = PBXFileReference; lastKnownFileType = sourcecode.swift; path = ClaudetteTerminalView.swift; sourceTree = "<group>"; };
		F10000020000000000000016 /* ConnectionStatusHUDView.swift */ = {isa = PBXFileReference; lastKnownFileType = sourcecode.swift; path = ConnectionStatusHUDView.swift; sourceTree = "<group>"; };
		F10000020000000000000017 /* ExtendedKeyboardAccessoryView.swift */ = {isa = PBXFileReference; lastKnownFileType = sourcecode.swift; path = ExtendedKeyboardAccessoryView.swift; sourceTree = "<group>"; };
		F10000020000000000000018 /* HookEditorFormView.swift */ = {isa = PBXFileReference; lastKnownFileType = sourcecode.swift; path = HookEditorFormView.swift; sourceTree = "<group>"; };
		F10000020000000000000019 /* HooksAutomationView.swift */ = {isa = PBXFileReference; lastKnownFileType = sourcecode.swift; path = HooksAutomationView.swift; sourceTree = "<group>"; };
		F1000002000000000000001A /* RemoteFileEditorView.swift */ = {isa = PBXFileReference; lastKnownFileType = sourcecode.swift; path = RemoteFileEditorView.swift; sourceTree = "<group>"; };
		F1000002000000000000001B /* SnippetDrawerView.swift */ = {isa = PBXFileReference; lastKnownFileType = sourcecode.swift; path = SnippetDrawerView.swift; sourceTree = "<group>"; };
		F1000002000000000000001C /* SnippetEditorView.swift */ = {isa = PBXFileReference; lastKnownFileType = sourcecode.swift; path = SnippetEditorView.swift; sourceTree = "<group>"; };
		F1000002000000000000001D /* DefaultSnippets.json */ = {isa = PBXFileReference; lastKnownFileType = text.json; path = DefaultSnippets.json; sourceTree = "<group>"; };
		G10000020000000000000001 /* TerminalTab.swift */ = {isa = PBXFileReference; lastKnownFileType = sourcecode.swift; path = TerminalTab.swift; sourceTree = "<group>"; };
		G10000020000000000000002 /* AuthURLInterceptor.swift */ = {isa = PBXFileReference; lastKnownFileType = sourcecode.swift; path = AuthURLInterceptor.swift; sourceTree = "<group>"; };
/* End PBXFileReference section */

/* Begin PBXFrameworksBuildPhase section */
		A10000030000000000000001 /* Frameworks */ = {
			isa = PBXFrameworksBuildPhase;
			buildActionMask = 2147483647;
			files = (
				B10000010000000000000001 /* Citadel in Frameworks */,
				B10000010000000000000002 /* SwiftTerm in Frameworks */,
			);
			runOnlyForDeploymentPostprocessing = 0;
		};
/* End PBXFrameworksBuildPhase section */

/* Begin PBXGroup section */
		A10000040000000000000001 = {
			isa = PBXGroup;
			children = (
				A10000040000000000000002 /* Claudette */,
				A10000040000000000000004 /* Products */,
			);
			sourceTree = "<group>";
		};
		A10000040000000000000002 /* Claudette */ = {
			isa = PBXGroup;
			children = (
				A10000020000000000000001 /* ClaudetteApp.swift */,
				A10000020000000000000002 /* ContentView.swift */,
				C10000020000000000000001 /* Configuration.plist */,
				C10000030000000000000001 /* Config */,
				C10000030000000000000002 /* Extensions */,
				C10000030000000000000003 /* Models */,
				C10000030000000000000004 /* Services */,
				C10000030000000000000005 /* ViewModels */,
				C10000030000000000000006 /* Views */,
				F10000030000000000000001 /* Resources */,
				A10000020000000000000003 /* Assets.xcassets */,
				A10000040000000000000003 /* Preview Content */,
			);
			path = Claudette;
			sourceTree = "<group>";
		};
		A10000040000000000000003 /* Preview Content */ = {
			isa = PBXGroup;
			children = (
				A10000020000000000000004 /* Preview Assets.xcassets */,
			);
			path = "Preview Content";
			sourceTree = "<group>";
		};
		A10000040000000000000004 /* Products */ = {
			isa = PBXGroup;
			children = (
				A10000020000000000000010 /* Claudette.app */,
			);
			name = Products;
			sourceTree = "<group>";
		};
		C10000030000000000000001 /* Config */ = {
			isa = PBXGroup;
			children = (
				C10000020000000000000002 /* AppConfiguration.swift */,
				C10000020000000000000003 /* LoggerFactory.swift */,
			);
			path = Config;
			sourceTree = "<group>";
		};
		C10000030000000000000002 /* Extensions */ = {
			isa = PBXGroup;
			children = (
				C10000020000000000000004 /* UIColor+Hex.swift */,
			);
			path = Extensions;
			sourceTree = "<group>";
		};
		C10000030000000000000003 /* Models */ = {
			isa = PBXGroup;
			children = (
				F10000020000000000000001 /* AgentTreeNode.swift */,
				C10000020000000000000005 /* AuthMethod.swift */,
				D10000020000000000000005 /* BonjourHost.swift */,
				F10000020000000000000002 /* ClaudeResource.swift */,
				F10000020000000000000003 /* ClaudeSettings.swift */,
				C10000020000000000000006 /* ConnectionSettings.swift */,
				C10000020000000000000007 /* ConnectionState.swift */,
				D10000020000000000000003 /* HostKeyVerificationResult.swift */,
				D10000020000000000000002 /* KnownHost.swift */,
				F10000020000000000000004 /* NetworkStatus.swift */,
				F10000020000000000000005 /* PromptSnippet.swift */,
				D10000020000000000000004 /* RemoteFileEntry.swift */,
				D10000020000000000000001 /* ServerProfile.swift */,
				F10000020000000000000006 /* SnippetCategory.swift */,
				G10000020000000000000001 /* TerminalTab.swift */,
			);
			path = Models;
			sourceTree = "<group>";
		};
		C10000030000000000000004 /* Services */ = {
			isa = PBXGroup;
			children = (
				G10000020000000000000002 /* AuthURLInterceptor.swift */,
				F10000020000000000000007 /* AgentActivityParser.swift */,
				D1000002000000000000000A /* BonjourDiscoveryService.swift */,
				F10000020000000000000008 /* ClaudeResourceDiscoveryService.swift */,
				F10000020000000000000009 /* ClaudeSettingsService.swift */,
				D10000020000000000000007 /* HostKeyStore.swift */,
				C10000020000000000000008 /* KeychainService.swift */,
				F1000002000000000000000A /* NetworkProbeService.swift */,
				F1000002000000000000000B /* PermissionNotificationService.swift */,
				D10000020000000000000006 /* ProfileStore.swift */,
				D1000002000000000000000B /* RemoteFileBrowserService.swift */,
				F1000002000000000000000C /* SnippetStore.swift */,
				C10000020000000000000009 /* SSHConnectionManager.swift */,
				D10000020000000000000008 /* SSHKeyService.swift */,
				C1000002000000000000000F /* SpeechRecognitionService.swift */,
				F1000002000000000000000D /* TerminalBlockDetector.swift */,
				F1000002000000000000000E /* TmuxSessionService.swift */,
				D10000020000000000000009 /* TOFUHostKeyValidator.swift */,
				F1000002000000000000000F /* WakeOnLANService.swift */,
			);
			path = Services;
			sourceTree = "<group>";
		};
		C10000030000000000000005 /* ViewModels */ = {
			isa = PBXGroup;
			children = (
				D1000002000000000000000D /* ProfileEditorViewModel.swift */,
				D1000002000000000000000C /* ProfileListViewModel.swift */,
				D1000002000000000000000E /* RemoteFileBrowserViewModel.swift */,
				F10000020000000000000010 /* RemoteFileEditorViewModel.swift */,
				C1000002000000000000000B /* SessionViewModel.swift */,
				F10000020000000000000011 /* SnippetDrawerViewModel.swift */,
			);
			path = ViewModels;
			sourceTree = "<group>";
		};
		C10000030000000000000006 /* Views */ = {
			isa = PBXGroup;
			children = (
				F10000020000000000000012 /* AgentVisualizerView.swift */,
				F10000020000000000000013 /* ClaudeMDDashboardView.swift */,
				F10000020000000000000014 /* ClaudeResourcesSidebarView.swift */,
				F10000020000000000000015 /* ClaudetteTerminalView.swift */,
				F10000020000000000000016 /* ConnectionStatusHUDView.swift */,
				F10000020000000000000017 /* ExtendedKeyboardAccessoryView.swift */,
				F10000020000000000000018 /* HookEditorFormView.swift */,
				F10000020000000000000019 /* HooksAutomationView.swift */,
				D10000020000000000000013 /* HostKeyAlertView.swift */,
				D10000020000000000000010 /* ProfileEditorView.swift */,
				D1000002000000000000000F /* ProfileListView.swift */,
				D10000020000000000000012 /* RemoteFileBrowserView.swift */,
				F1000002000000000000001A /* RemoteFileEditorView.swift */,
				C1000002000000000000000E /* SessionView.swift */,
				F1000002000000000000001B /* SnippetDrawerView.swift */,
				F1000002000000000000001C /* SnippetEditorView.swift */,
				D10000020000000000000011 /* SSHKeyManagementSection.swift */,
				C1000002000000000000000D /* TerminalContainerView.swift */,
				E10000020000000000000001 /* SplashView.swift */,
			);
			path = Views;
			sourceTree = "<group>";
		};
		F10000030000000000000001 /* Resources */ = {
			isa = PBXGroup;
			children = (
				F1000002000000000000001D /* DefaultSnippets.json */,
			);
			path = Resources;
			sourceTree = "<group>";
		};
/* End PBXGroup section */

/* Begin PBXNativeTarget section */
		A10000050000000000000001 /* Claudette */ = {
			isa = PBXNativeTarget;
			buildConfigurationList = A10000070000000000000003 /* Build configuration list for PBXNativeTarget "Claudette" */;
			buildPhases = (
				A10000060000000000000001 /* Sources */,
				A10000030000000000000001 /* Frameworks */,
				A10000060000000000000002 /* Resources */,
			);
			buildRules = (
			);
			dependencies = (
			);
			name = Claudette;
			packageProductDependencies = (
				B10000030000000000000001 /* Citadel */,
				B10000030000000000000002 /* SwiftTerm */,
			);
			productName = Claudette;
			productReference = A10000020000000000000010 /* Claudette.app */;
			productType = "com.apple.product-type.application";
		};
/* End PBXNativeTarget section */

/* Begin PBXProject section */
		A10000080000000000000001 /* Project object */ = {
			isa = PBXProject;
			attributes = {
				BuildIndependentTargetsInParallel = 1;
				LastSwiftUpdateCheck = 1540;
				LastUpgradeCheck = 1540;
				TargetAttributes = {
					A10000050000000000000001 = {
						CreatedOnToolsVersion = 15.4;
					};
				};
			};
			buildConfigurationList = A10000070000000000000001 /* Build configuration list for PBXProject "Claudette" */;
			compatibilityVersion = "Xcode 14.0";
			developmentRegion = en;
			hasScannedForEncodings = 0;
			knownRegions = (
				en,
				Base,
			);
			mainGroup = A10000040000000000000001;
			packageReferences = (
				B10000020000000000000001 /* XCRemoteSwiftPackageReference "Citadel" */,
				B10000020000000000000002 /* XCRemoteSwiftPackageReference "SwiftTerm" */,
			);
			productRefGroup = A10000040000000000000004 /* Products */;
			projectDirPath = "";
			projectRoot = "";
			targets = (
				A10000050000000000000001 /* Claudette */,
			);
		};
/* End PBXProject section */

/* Begin PBXResourcesBuildPhase section */
		A10000060000000000000002 /* Resources */ = {
			isa = PBXResourcesBuildPhase;
			buildActionMask = 2147483647;
			files = (
				A10000010000000000000004 /* Preview Assets.xcassets in Resources */,
				A10000010000000000000003 /* Assets.xcassets in Resources */,
				C10000010000000000000001 /* Configuration.plist in Resources */,
				F1000001000000000000001D /* DefaultSnippets.json in Resources */,
			);
			runOnlyForDeploymentPostprocessing = 0;
		};
/* End PBXResourcesBuildPhase section */

/* Begin PBXSourcesBuildPhase section */
		A10000060000000000000001 /* Sources */ = {
			isa = PBXSourcesBuildPhase;
			buildActionMask = 2147483647;
			files = (
				A10000010000000000000002 /* ContentView.swift in Sources */,
				A10000010000000000000001 /* ClaudetteApp.swift in Sources */,
				C10000010000000000000002 /* AppConfiguration.swift in Sources */,
				C10000010000000000000003 /* LoggerFactory.swift in Sources */,
				C10000010000000000000004 /* UIColor+Hex.swift in Sources */,
				C10000010000000000000005 /* AuthMethod.swift in Sources */,
				C10000010000000000000006 /* ConnectionSettings.swift in Sources */,
				C10000010000000000000007 /* ConnectionState.swift in Sources */,
				C10000010000000000000008 /* KeychainService.swift in Sources */,
				C10000010000000000000009 /* SSHConnectionManager.swift in Sources */,
				C1000001000000000000000B /* SessionViewModel.swift in Sources */,
				C1000001000000000000000D /* TerminalContainerView.swift in Sources */,
				C1000001000000000000000E /* SessionView.swift in Sources */,
				C1000001000000000000000F /* SpeechRecognitionService.swift in Sources */,
				D10000010000000000000001 /* ServerProfile.swift in Sources */,
				D10000010000000000000002 /* KnownHost.swift in Sources */,
				D10000010000000000000003 /* HostKeyVerificationResult.swift in Sources */,
				D10000010000000000000004 /* RemoteFileEntry.swift in Sources */,
				D10000010000000000000005 /* BonjourHost.swift in Sources */,
				D10000010000000000000006 /* ProfileStore.swift in Sources */,
				D10000010000000000000007 /* HostKeyStore.swift in Sources */,
				D10000010000000000000008 /* SSHKeyService.swift in Sources */,
				D10000010000000000000009 /* TOFUHostKeyValidator.swift in Sources */,
				D1000001000000000000000A /* BonjourDiscoveryService.swift in Sources */,
				D1000001000000000000000B /* RemoteFileBrowserService.swift in Sources */,
				D1000001000000000000000C /* ProfileListViewModel.swift in Sources */,
				D1000001000000000000000D /* ProfileEditorViewModel.swift in Sources */,
				D1000001000000000000000E /* RemoteFileBrowserViewModel.swift in Sources */,
				D1000001000000000000000F /* ProfileListView.swift in Sources */,
				D10000010000000000000010 /* ProfileEditorView.swift in Sources */,
				D10000010000000000000011 /* SSHKeyManagementSection.swift in Sources */,
				D10000010000000000000012 /* RemoteFileBrowserView.swift in Sources */,
				D10000010000000000000013 /* HostKeyAlertView.swift in Sources */,
				E10000010000000000000001 /* SplashView.swift in Sources */,
				F10000010000000000000001 /* AgentTreeNode.swift in Sources */,
				F10000010000000000000002 /* ClaudeResource.swift in Sources */,
				F10000010000000000000003 /* ClaudeSettings.swift in Sources */,
				F10000010000000000000004 /* NetworkStatus.swift in Sources */,
				F10000010000000000000005 /* PromptSnippet.swift in Sources */,
				F10000010000000000000006 /* SnippetCategory.swift in Sources */,
				F10000010000000000000007 /* AgentActivityParser.swift in Sources */,
				F10000010000000000000008 /* ClaudeResourceDiscoveryService.swift in Sources */,
				F10000010000000000000009 /* ClaudeSettingsService.swift in Sources */,
				F1000001000000000000000A /* NetworkProbeService.swift in Sources */,
				F1000001000000000000000B /* PermissionNotificationService.swift in Sources */,
				F1000001000000000000000C /* SnippetStore.swift in Sources */,
				F1000001000000000000000D /* TerminalBlockDetector.swift in Sources */,
				F1000001000000000000000E /* TmuxSessionService.swift in Sources */,
				F1000001000000000000000F /* WakeOnLANService.swift in Sources */,
				F10000010000000000000010 /* RemoteFileEditorViewModel.swift in Sources */,
				F10000010000000000000011 /* SnippetDrawerViewModel.swift in Sources */,
				F10000010000000000000012 /* AgentVisualizerView.swift in Sources */,
				F10000010000000000000013 /* ClaudeMDDashboardView.swift in Sources */,
				F10000010000000000000014 /* ClaudeResourcesSidebarView.swift in Sources */,
				F10000010000000000000015 /* ClaudetteTerminalView.swift in Sources */,
				F10000010000000000000016 /* ConnectionStatusHUDView.swift in Sources */,
				F10000010000000000000017 /* ExtendedKeyboardAccessoryView.swift in Sources */,
				F10000010000000000000018 /* HookEditorFormView.swift in Sources */,
				F10000010000000000000019 /* HooksAutomationView.swift in Sources */,
				F1000001000000000000001A /* RemoteFileEditorView.swift in Sources */,
				F1000001000000000000001B /* SnippetDrawerView.swift in Sources */,
				F1000001000000000000001C /* SnippetEditorView.swift in Sources */,
				G10000010000000000000001 /* TerminalTab.swift in Sources */,
				G10000010000000000000002 /* AuthURLInterceptor.swift in Sources */,
			);
			runOnlyForDeploymentPostprocessing = 0;
		};
/* End PBXSourcesBuildPhase section */

/* Begin XCBuildConfiguration section */
		A10000090000000000000001 /* Debug */ = {
			isa = XCBuildConfiguration;
			buildSettings = {
				ALWAYS_SEARCH_USER_PATHS = NO;
				ASSETCATALOG_COMPILER_GENERATE_SWIFT_ASSET_SYMBOL_EXTENSIONS = YES;
				CLANG_ANALYZER_NONNULL = YES;
				CLANG_ANALYZER_NUMBER_OBJECT_CONVERSION = YES_AGGRESSIVE;
				CLANG_CXX_LANGUAGE_STANDARD = "gnu++20";
				CLANG_ENABLE_MODULES = YES;
				CLANG_ENABLE_OBJC_ARC = YES;
				CLANG_ENABLE_OBJC_WEAK = YES;
				CLANG_WARN_BLOCK_CAPTURE_AUTORELEASING = YES;
				CLANG_WARN_BOOL_CONVERSION = YES;
				CLANG_WARN_COMMA = YES;
				CLANG_WARN_CONSTANT_CONVERSION = YES;
				CLANG_WARN_DEPRECATED_OBJC_IMPLEMENTATIONS = YES;
				CLANG_WARN_DIRECT_OBJC_ISA_USAGE = YES_ERROR;
				CLANG_WARN_DOCUMENTATION_COMMENTS = YES;
				CLANG_WARN_EMPTY_BODY = YES;
				CLANG_WARN_ENUM_CONVERSION = YES;
				CLANG_WARN_INFINITE_RECURSION = YES;
				CLANG_WARN_INT_CONVERSION = YES;
				CLANG_WARN_NON_LITERAL_NULL_CONVERSION = YES;
				CLANG_WARN_OBJC_IMPLICIT_RETAIN_SELF = YES;
				CLANG_WARN_OBJC_LITERAL_CONVERSION = YES;
				CLANG_WARN_OBJC_ROOT_CLASS = YES_ERROR;
				CLANG_WARN_QUOTED_INCLUDE_IN_FRAMEWORK_HEADER = YES;
				CLANG_WARN_RANGE_LOOP_ANALYSIS = YES;
				CLANG_WARN_STRICT_PROTOTYPES = YES;
				CLANG_WARN_SUSPICIOUS_MOVE = YES;
				CLANG_WARN_UNGUARDED_AVAILABILITY = YES_AGGRESSIVE;
				CLANG_WARN_UNREACHABLE_CODE = YES;
				CLANG_WARN__DUPLICATE_METHOD_MATCH = YES;
				COPY_PHASE_STRIP = NO;
				DEBUG_INFORMATION_FORMAT = dwarf;
				ENABLE_STRICT_OBJC_MSGSEND = YES;
				ENABLE_TESTABILITY = YES;
				ENABLE_USER_SCRIPT_SANDBOXING = YES;
				GCC_C_LANGUAGE_STANDARD = gnu17;
				GCC_DYNAMIC_NO_PIC = NO;
				GCC_NO_COMMON_BLOCKS = YES;
				GCC_OPTIMIZATION_LEVEL = 0;
				GCC_PREPROCESSOR_DEFINITIONS = (
					"DEBUG=1",
					"$(inherited)",
				);
				GCC_WARN_64_TO_32_BIT_CONVERSION = YES;
				GCC_WARN_ABOUT_RETURN_TYPE = YES_ERROR;
				GCC_WARN_UNDECLARED_SELECTOR = YES;
				GCC_WARN_UNINITIALIZED_AUTOS = YES_AGGRESSIVE;
				GCC_WARN_UNUSED_FUNCTION = YES;
				GCC_WARN_UNUSED_VARIABLE = YES;
				IPHONEOS_DEPLOYMENT_TARGET = 17.0;
				LOCALIZATION_PREFERS_STRING_CATALOGS = YES;
				MTL_ENABLE_DEBUG_INFO = INCLUDE_SOURCE;
				MTL_FAST_MATH = YES;
				ONLY_ACTIVE_ARCH = YES;
				SDKROOT = iphoneos;
				SWIFT_ACTIVE_COMPILATION_CONDITIONS = "DEBUG $(inherited)";
				SWIFT_OPTIMIZATION_LEVEL = "-Onone";
			};
			name = Debug;
		};
		A10000090000000000000002 /* Release */ = {
			isa = XCBuildConfiguration;
			buildSettings = {
				ALWAYS_SEARCH_USER_PATHS = NO;
				ASSETCATALOG_COMPILER_GENERATE_SWIFT_ASSET_SYMBOL_EXTENSIONS = YES;
				CLANG_ANALYZER_NONNULL = YES;
				CLANG_ANALYZER_NUMBER_OBJECT_CONVERSION = YES_AGGRESSIVE;
				CLANG_CXX_LANGUAGE_STANDARD = "gnu++20";
				CLANG_ENABLE_MODULES = YES;
				CLANG_ENABLE_OBJC_ARC = YES;
				CLANG_ENABLE_OBJC_WEAK = YES;
				CLANG_WARN_BLOCK_CAPTURE_AUTORELEASING = YES;
				CLANG_WARN_BOOL_CONVERSION = YES;
				CLANG_WARN_COMMA = YES;
				CLANG_WARN_CONSTANT_CONVERSION = YES;
				CLANG_WARN_DEPRECATED_OBJC_IMPLEMENTATIONS = YES;
				CLANG_WARN_DIRECT_OBJC_ISA_USAGE = YES_ERROR;
				CLANG_WARN_DOCUMENTATION_COMMENTS = YES;
				CLANG_WARN_EMPTY_BODY = YES;
				CLANG_WARN_ENUM_CONVERSION = YES;
				CLANG_WARN_INFINITE_RECURSION = YES;
				CLANG_WARN_INT_CONVERSION = YES;
				CLANG_WARN_NON_LITERAL_NULL_CONVERSION = YES;
				CLANG_WARN_OBJC_IMPLICIT_RETAIN_SELF = YES;
				CLANG_WARN_OBJC_LITERAL_CONVERSION = YES;
				CLANG_WARN_OBJC_ROOT_CLASS = YES_ERROR;
				CLANG_WARN_QUOTED_INCLUDE_IN_FRAMEWORK_HEADER = YES;
				CLANG_WARN_RANGE_LOOP_ANALYSIS = YES;
				CLANG_WARN_STRICT_PROTOTYPES = YES;
				CLANG_WARN_SUSPICIOUS_MOVE = YES;
				CLANG_WARN_UNGUARDED_AVAILABILITY = YES_AGGRESSIVE;
				CLANG_WARN_UNREACHABLE_CODE = YES;
				CLANG_WARN__DUPLICATE_METHOD_MATCH = YES;
				COPY_PHASE_STRIP = NO;
				DEBUG_INFORMATION_FORMAT = "dwarf-with-dsym";
				ENABLE_NS_ASSERTIONS = NO;
				ENABLE_STRICT_OBJC_MSGSEND = YES;
				ENABLE_USER_SCRIPT_SANDBOXING = YES;
				GCC_C_LANGUAGE_STANDARD = gnu17;
				GCC_NO_COMMON_BLOCKS = YES;
				GCC_WARN_64_TO_32_BIT_CONVERSION = YES;
				GCC_WARN_ABOUT_RETURN_TYPE = YES_ERROR;
				GCC_WARN_UNDECLARED_SELECTOR = YES;
				GCC_WARN_UNINITIALIZED_AUTOS = YES_AGGRESSIVE;
				GCC_WARN_UNUSED_FUNCTION = YES;
				GCC_WARN_UNUSED_VARIABLE = YES;
				IPHONEOS_DEPLOYMENT_TARGET = 17.0;
				LOCALIZATION_PREFERS_STRING_CATALOGS = YES;
				MTL_ENABLE_DEBUG_INFO = NO;
				MTL_FAST_MATH = YES;
				SDKROOT = iphoneos;
				SWIFT_COMPILATION_MODE = wholemodule;
				VALIDATE_PRODUCT = YES;
			};
			name = Release;
		};
		A10000090000000000000003 /* Debug */ = {
			isa = XCBuildConfiguration;
			buildSettings = {
				ASSETCATALOG_COMPILER_APPICON_NAME = AppIcon;
				ASSETCATALOG_COMPILER_GLOBAL_ACCENT_COLOR_NAME = AccentColor;
				ASSETCATALOG_COMPILER_INCLUDE_ALL_APPICON_ASSETS = YES;
				CODE_SIGN_STYLE = Automatic;
				CURRENT_PROJECT_VERSION = 2;
				DEVELOPMENT_ASSET_PATHS = "\"Claudette/Preview Content\"";
				DEVELOPMENT_TEAM = 963B7732N5;
				ENABLE_PREVIEWS = YES;
				GENERATE_INFOPLIST_FILE = YES;
				INFOPLIST_KEY_CFBundleDisplayName = Claudette;
				INFOPLIST_KEY_ITSAppUsesNonExemptEncryption = NO;
				INFOPLIST_KEY_LSApplicationCategoryType = "public.app-category.developer-tools";
				INFOPLIST_KEY_NSBonjourServices = _ssh._tcp.;
				INFOPLIST_KEY_NSLocalNetworkUsageDescription = "Claudette discovers Macs on your local network running SSH.";
				INFOPLIST_KEY_NSMicrophoneUsageDescription = "Claudette uses the microphone for voice dictation to send commands to the terminal.";
				INFOPLIST_KEY_NSSpeechRecognitionUsageDescription = "Claudette uses speech recognition to convert your voice into terminal commands.";
				INFOPLIST_KEY_UIApplicationSceneManifest_Generation = YES;
				INFOPLIST_KEY_UIApplicationSupportsIndirectInputEvents = YES;
				INFOPLIST_KEY_UILaunchScreen_Generation = YES;
				INFOPLIST_KEY_UIStatusBarStyle = UIStatusBarStyleDarkContent;
				INFOPLIST_KEY_UISupportedInterfaceOrientations_iPad = "UIInterfaceOrientationPortrait UIInterfaceOrientationPortraitUpsideDown UIInterfaceOrientationLandscapeLeft UIInterfaceOrientationLandscapeRight";
				INFOPLIST_KEY_UISupportedInterfaceOrientations_iPhone = "UIInterfaceOrientationPortrait UIInterfaceOrientationLandscapeLeft UIInterfaceOrientationLandscapeRight";
				LD_RUNPATH_SEARCH_PATHS = (
					"$(inherited)",
					"@executable_path/Frameworks",
				);
				MARKETING_VERSION = 2.0;
				PRODUCT_BUNDLE_IDENTIFIER = com.olorin.claudette;
				PRODUCT_NAME = "$(TARGET_NAME)";
				SWIFT_EMIT_LOC_STRINGS = YES;
				SWIFT_VERSION = 5.0;
				TARGETED_DEVICE_FAMILY = "1,2";
			};
			name = Debug;
		};
		A10000090000000000000004 /* Release */ = {
			isa = XCBuildConfiguration;
			buildSettings = {
				ASSETCATALOG_COMPILER_APPICON_NAME = AppIcon;
				ASSETCATALOG_COMPILER_GLOBAL_ACCENT_COLOR_NAME = AccentColor;
				ASSETCATALOG_COMPILER_INCLUDE_ALL_APPICON_ASSETS = YES;
				CODE_SIGN_STYLE = Automatic;
				CURRENT_PROJECT_VERSION = 2;
				DEVELOPMENT_ASSET_PATHS = "\"Claudette/Preview Content\"";
				DEVELOPMENT_TEAM = 963B7732N5;
				ENABLE_PREVIEWS = YES;
				GENERATE_INFOPLIST_FILE = YES;
				INFOPLIST_KEY_CFBundleDisplayName = Claudette;
				INFOPLIST_KEY_ITSAppUsesNonExemptEncryption = NO;
				INFOPLIST_KEY_LSApplicationCategoryType = "public.app-category.developer-tools";
				INFOPLIST_KEY_NSBonjourServices = _ssh._tcp.;
				INFOPLIST_KEY_NSLocalNetworkUsageDescription = "Claudette discovers Macs on your local network running SSH.";
				INFOPLIST_KEY_NSMicrophoneUsageDescription = "Claudette uses the microphone for voice dictation to send commands to the terminal.";
				INFOPLIST_KEY_NSSpeechRecognitionUsageDescription = "Claudette uses speech recognition to convert your voice into terminal commands.";
				INFOPLIST_KEY_UIApplicationSceneManifest_Generation = YES;
				INFOPLIST_KEY_UIApplicationSupportsIndirectInputEvents = YES;
				INFOPLIST_KEY_UILaunchScreen_Generation = YES;
				INFOPLIST_KEY_UIStatusBarStyle = UIStatusBarStyleDarkContent;
				INFOPLIST_KEY_UISupportedInterfaceOrientations_iPad = "UIInterfaceOrientationPortrait UIInterfaceOrientationPortraitUpsideDown UIInterfaceOrientationLandscapeLeft UIInterfaceOrientationLandscapeRight";
				INFOPLIST_KEY_UISupportedInterfaceOrientations_iPhone = "UIInterfaceOrientationPortrait UIInterfaceOrientationLandscapeLeft UIInterfaceOrientationLandscapeRight";
				LD_RUNPATH_SEARCH_PATHS = (
					"$(inherited)",
					"@executable_path/Frameworks",
				);
				MARKETING_VERSION = 2.0;
				PRODUCT_BUNDLE_IDENTIFIER = com.olorin.claudette;
				PRODUCT_NAME = "$(TARGET_NAME)";
				SWIFT_EMIT_LOC_STRINGS = YES;
				SWIFT_VERSION = 5.0;
				TARGETED_DEVICE_FAMILY = "1,2";
			};
			name = Release;
		};
/* End XCBuildConfiguration section */

/* Begin XCConfigurationList section */
		A10000070000000000000001 /* Build configuration list for PBXProject "Claudette" */ = {
			isa = XCConfigurationList;
			buildConfigurations = (
				A10000090000000000000001 /* Debug */,
				A10000090000000000000002 /* Release */,
			);
			defaultConfigurationIsVisible = 0;
			defaultConfigurationName = Release;
		};
		A10000070000000000000003 /* Build configuration list for PBXNativeTarget "Claudette" */ = {
			isa = XCConfigurationList;
			buildConfigurations = (
				A10000090000000000000003 /* Debug */,
				A10000090000000000000004 /* Release */,
			);
			defaultConfigurationIsVisible = 0;
			defaultConfigurationName = Release;
		};
/* End XCConfigurationList section */

/* Begin XCRemoteSwiftPackageReference section */
		B10000020000000000000001 /* XCRemoteSwiftPackageReference "Citadel" */ = {
			isa = XCRemoteSwiftPackageReference;
			repositoryURL = "https://github.com/orlandos-nl/Citadel.git";
			requirement = {
				kind = upToNextMajorVersion;
				minimumVersion = 0.12.0;
			};
		};
		B10000020000000000000002 /* XCRemoteSwiftPackageReference "SwiftTerm" */ = {
			isa = XCRemoteSwiftPackageReference;
			repositoryURL = "https://github.com/migueldeicaza/SwiftTerm.git";
			requirement = {
				kind = exactVersion;
				version = 1.10.1;
			};
		};
/* End XCRemoteSwiftPackageReference section */

/* Begin XCSwiftPackageProductDependency section */
		B10000030000000000000001 /* Citadel */ = {
			isa = XCSwiftPackageProductDependency;
			package = B10000020000000000000001 /* XCRemoteSwiftPackageReference "Citadel" */;
			productName = Citadel;
		};
		B10000030000000000000002 /* SwiftTerm */ = {
			isa = XCSwiftPackageProductDependency;
			package = B10000020000000000000002 /* XCRemoteSwiftPackageReference "SwiftTerm" */;
			productName = SwiftTerm;
		};
/* End XCSwiftPackageProductDependency section */
	};
	rootObject = A10000080000000000000001 /* Project object */;
}
